
Microsoft Visual Studio Solution File, Format Version 12.00
# Visual Studio Version 16
VisualStudioVersion = 16.0.31402.337
MinimumVisualStudioVersion = 10.0.40219.1
Project("{FAE04EC0-301F-11D3-BF4B-00C04F79EFBC}") = "Lab7", "Lab7\Lab7.csproj", "{181DA9C0-A997-4F0F-92D5-0A6C13F48F8D}"
EndProject
Global
	GlobalSection(SolutionConfigurationPlatforms) = preSolution
		Debug|Any CPU = Debug|Any CPU
		Release|Any CPU = Release|Any CPU
	EndGlobalSection
	GlobalSection(ProjectConfigurationPlatforms) = postSolution
		{181DA9C0-A997-4F0F-92D5-0A6C13F48F8D}.Debug|Any CPU.ActiveCfg = Debug|Any CPU
		{181DA9C0-A997-4F0F-92D5-0A6C13F48F8D}.Debug|Any CPU.Build.0 = Debug|Any CPU
		{181DA9C0-A997-4F0F-92D5-0A6C13F48F8D}.Release|Any CPU.ActiveCfg = Release|Any CPU
		{181DA9C0-A997-4F0F-92D5-0A6C13F48F8D}.Release|Any CPU.Build.0 = Release|Any CPU
	EndGlobalSection
	GlobalSection(SolutionProperties) = preSolution
		HideSolutionNode = FALSE
	EndGlobalSection
	GlobalSection(ExtensibilityGlobals) = postSolution
		SolutionGuid = {72830866-B173-4F43-9170-BA028B033126}
	EndGlobalSection
EndGlobal
